
Microsoft Visual Studio Solution File, Format Version 12.00
# Visual Studio Version 17
VisualStudioVersion = 17.3.32929.385
MinimumVisualStudioVersion = 10.0.40219.1
Project("{FAE04EC0-301F-11D3-BF4B-00C04F79EFBC}") = "AM_Persistence", "AM_Persistence\AM_Persistence.csproj", "{E7165A7F-2F3F-4521-99C8-C9BFBC629645}"
EndProject
Global
	GlobalSection(SolutionConfigurationPlatforms) = preSolution
		Debug|Any CPU = Debug|Any CPU
		Release|Any CPU = Release|Any CPU
	EndGlobalSection
	GlobalSection(ProjectConfigurationPlatforms) = postSolution
		{E7165A7F-2F3F-4521-99C8-C9BFBC629645}.Debug|Any CPU.ActiveCfg = Debug|Any CPU
		{E7165A7F-2F3F-4521-99C8-C9BFBC629645}.Debug|Any CPU.Build.0 = Debug|Any CPU
		{E7165A7F-2F3F-4521-99C8-C9BFBC629645}.Release|Any CPU.ActiveCfg = Release|Any CPU
		{E7165A7F-2F3F-4521-99C8-C9BFBC629645}.Release|Any CPU.Build.0 = Release|Any CPU
	EndGlobalSection
	GlobalSection(SolutionProperties) = preSolution
		HideSolutionNode = FALSE
	EndGlobalSection
	GlobalSection(ExtensibilityGlobals) = postSolution
		SolutionGuid = {5C86A5FB-B57B-4C18-BC6A-4BD0B78215CB}
	EndGlobalSection
EndGlobal
